
Microsoft Visual Studio Solution File, Format Version 12.00
# Visual Studio Version 17
VisualStudioVersion = 17.9.34728.123
MinimumVisualStudioVersion = 10.0.40219.1
Project("{FAE04EC0-301F-11D3-BF4B-00C04F79EFBC}") = "Edunext", "Edunext\Edunext.csproj", "{7E5703D8-3731-40EA-B203-D81ACE194447}"
EndProject
Global
	GlobalSection(SolutionConfigurationPlatforms) = preSolution
		Debug|Any CPU = Debug|Any CPU
		Release|Any CPU = Release|Any CPU
	EndGlobalSection
	GlobalSection(ProjectConfigurationPlatforms) = postSolution
		{7E5703D8-3731-40EA-B203-D81ACE194447}.Debug|Any CPU.ActiveCfg = Debug|Any CPU
		{7E5703D8-3731-40EA-B203-D81ACE194447}.Debug|Any CPU.Build.0 = Debug|Any CPU
		{7E5703D8-3731-40EA-B203-D81ACE194447}.Release|Any CPU.ActiveCfg = Release|Any CPU
		{7E5703D8-3731-40EA-B203-D81ACE194447}.Release|Any CPU.Build.0 = Release|Any CPU
	EndGlobalSection
	GlobalSection(SolutionProperties) = preSolution
		HideSolutionNode = FALSE
	EndGlobalSection
	GlobalSection(ExtensibilityGlobals) = postSolution
		SolutionGuid = {F2794071-9616-4EBA-8653-1472FDBF2E21}
	EndGlobalSection
EndGlobal
